# THIS IS AN AUTOGENERATED FILE. DO NOT EDIT THIS FILE DIRECTLY.
# yarn lockfile v1


africa@1.0.1:
  version "1.0.1"
  resolved "https://registry.yarnpkg.com/africa/-/africa-1.0.1.tgz#c1d1571ad22e53b0bbb6f8eecd6f2247be48bdc4"
  dependencies:
    reloquent "0.2.0"
    wrote "1.3.0"

assert-diff@1.2.5:
  version "1.2.5"
  resolved "https://registry.yarnpkg.com/assert-diff/-/assert-diff-1.2.5.tgz#2f578de16a2509fee1601eca0afb77ad3fb2c02b"
  dependencies:
    assert-plus "1.0.0"
    json-diff "0.5.2"

assert-diff@1.2.6:
  version "1.2.6"
  resolved "https://registry.yarnpkg.com/assert-diff/-/assert-diff-1.2.6.tgz#1b44d6f24a7e3018f557768ee350ae9a732c2fc6"
  dependencies:
    assert-plus "1.0.0"
    json-diff "0.5.2"

assert-plus@1.0.0:
  version "1.0.0"
  resolved "https://registry.yarnpkg.com/assert-plus/-/assert-plus-1.0.0.tgz#f12e0f3c5d77b0b1cdd9146942e4e96c1e4dd525"

assert-throws@1.3.1:
  version "1.3.1"
  resolved "https://registry.yarnpkg.com/assert-throws/-/assert-throws-1.3.1.tgz#335e64b8820217a9c37e7477153817b2956bc1c7"

camel-case@3.0.0:
  version "3.0.0"
  resolved "https://registry.yarnpkg.com/camel-case/-/camel-case-3.0.0.tgz#ca3c3688a4e9cf3a4cda777dc4dcbc713249cf73"
  dependencies:
    no-case "^2.2.0"
    upper-case "^1.1.1"

catchment@1.0.0, catchment@^1.0.0:
  version "1.0.0"
  resolved "https://registry.yarnpkg.com/catchment/-/catchment-1.0.0.tgz#3061f71be0102710be84328d2f94363a165f8c4b"

catchment@2.0.1:
  version "2.0.1"
  resolved "https://registry.yarnpkg.com/catchment/-/catchment-2.0.1.tgz#df0a05ac2e1194cf280c2444d5bb564a9cc8f488"

clean-stack@1.3.0:
  version "1.3.0"
  resolved "https://registry.yarnpkg.com/clean-stack/-/clean-stack-1.3.0.tgz#9e821501ae979986c46b1d66d2d432db2fd4ae31"

cli-color@~0.1.6:
  version "0.1.7"
  resolved "https://registry.yarnpkg.com/cli-color/-/cli-color-0.1.7.tgz#adc3200fa471cc211b0da7f566b71e98b9d67347"
  dependencies:
    es5-ext "0.8.x"

difflib@~0.2.1:
  version "0.2.4"
  resolved "https://registry.yarnpkg.com/difflib/-/difflib-0.2.4.tgz#b5e30361a6db023176d562892db85940a718f47e"
  dependencies:
    heap ">= 0.2.0"

dreamopt@~0.6.0:
  version "0.6.0"
  resolved "https://registry.yarnpkg.com/dreamopt/-/dreamopt-0.6.0.tgz#d813ccdac8d39d8ad526775514a13dda664d6b4b"
  dependencies:
    wordwrap ">=0.0.2"

erotic@0.2.0:
  version "0.2.0"
  resolved "https://registry.yarnpkg.com/erotic/-/erotic-0.2.0.tgz#4162384016281b1dd313bf1ecc87576f92d8e509"
  dependencies:
    clean-stack "1.3.0"

es5-ext@0.8.x:
  version "0.8.2"
  resolved "https://registry.yarnpkg.com/es5-ext/-/es5-ext-0.8.2.tgz#aba8d9e1943a895ac96837a62a39b3f55ecd94ab"

"heap@>= 0.2.0":
  version "0.2.6"
  resolved "https://registry.yarnpkg.com/heap/-/heap-0.2.6.tgz#087e1f10b046932fc8594dd9e6d378afc9d1e5ac"

json-diff@0.5.2:
  version "0.5.2"
  resolved "https://registry.yarnpkg.com/json-diff/-/json-diff-0.5.2.tgz#e0bc9e434cd2c4c6354487835e01bf3fed335cda"
  dependencies:
    cli-color "~0.1.6"
    difflib "~0.2.1"
    dreamopt "~0.6.0"

lower-case@^1.1.1:
  version "1.1.4"
  resolved "https://registry.yarnpkg.com/lower-case/-/lower-case-1.1.4.tgz#9a2cabd1b9e8e0ae993a4bf7d5875c39c42e8eac"

makepromise@1.1.1:
  version "1.1.1"
  resolved "https://registry.yarnpkg.com/makepromise/-/makepromise-1.1.1.tgz#4e03bf98c25ca96a4223b0f2e280e3b3a6f9dea4"
  dependencies:
    erotic "0.2.0"

mnp-idio@1.2.5:
  version "1.2.5"
  resolved "https://registry.yarnpkg.com/mnp-idio/-/mnp-idio-1.2.5.tgz#35e3a191cd7b9b77bd77ab2cb8491c696b2194b2"

mnp-package@1.0.0:
  version "1.0.0"
  resolved "https://registry.yarnpkg.com/mnp-package/-/mnp-package-1.0.0.tgz#337d19336d9de45abb97020c35353e70c6f8fe00"

mnp-structure@1.0.0:
  version "1.0.0"
  resolved "https://registry.yarnpkg.com/mnp-structure/-/mnp-structure-1.0.0.tgz#b811dee84a7029b9bf61b51cfe2078b478ade0c3"

no-case@^2.2.0:
  version "2.3.2"
  resolved "https://registry.yarnpkg.com/no-case/-/no-case-2.3.2.tgz#60b813396be39b3f1288a4c1ed5d1e7d28b464ac"
  dependencies:
    lower-case "^1.1.1"

promto@1.0.1:
  version "1.0.1"
  resolved "https://registry.yarnpkg.com/promto/-/promto-1.0.1.tgz#0a169fc7bd8f48cef1ee9faeace61a100305a536"

reloquent@0.2.0:
  version "0.2.0"
  resolved "https://registry.yarnpkg.com/reloquent/-/reloquent-0.2.0.tgz#0b9e5f02cc9d19466474a90a40d057f97312bfde"
  dependencies:
    promto "1.0.1"

restream@1.2.0:
  version "1.2.0"
  resolved "https://registry.yarnpkg.com/restream/-/restream-1.2.0.tgz#fd13b031a54e80cc65d1878c43149f1b3a40efbb"

rqt@1.0.1:
  version "1.0.1"
  resolved "https://registry.yarnpkg.com/rqt/-/rqt-1.0.1.tgz#bccf77068d12ca300df7b895adb314db9c08f643"
  dependencies:
    catchment "1.0.0"
    erotic "0.2.0"

spawncommand@1.1.0:
  version "1.1.0"
  resolved "https://registry.yarnpkg.com/spawncommand/-/spawncommand-1.1.0.tgz#80a56ed3c06ab3b91643cf3f6cef38bf582fdb15"
  dependencies:
    catchment "^1.0.0"

upper-case@^1.1.1:
  version "1.1.3"
  resolved "https://registry.yarnpkg.com/upper-case/-/upper-case-1.1.3.tgz#f6b4501c2ec4cdd26ba78be7222961de77621598"

wordwrap@>=0.0.2:
  version "1.0.0"
  resolved "https://registry.yarnpkg.com/wordwrap/-/wordwrap-1.0.0.tgz#27584810891456a4171c8d0226441ade90cbcaeb"

wrote@1.3.0:
  version "1.3.0"
  resolved "https://registry.yarnpkg.com/wrote/-/wrote-1.3.0.tgz#42ec531c7743d4c1bd5cbb40efd83f96e0185568"
  dependencies:
    catchment "1.0.0"
    makepromise "1.1.1"
    restream "1.2.0"

wrote@1.4.0:
  version "1.4.0"
  resolved "https://registry.yarnpkg.com/wrote/-/wrote-1.4.0.tgz#68c95aa1d62e425c8cdf03fa26baa3acca2eed8f"
  dependencies:
    catchment "2.0.1"
    makepromise "1.1.1"
    restream "1.2.0"

zoroaster@1.0.1:
  version "1.0.1"
  resolved "https://registry.yarnpkg.com/zoroaster/-/zoroaster-1.0.1.tgz#4efe879a6472cfecb94e914e601da12de485cf8a"
  dependencies:
    assert-diff "1.2.5"
    assert-throws "1.3.1"
    catchment "2.0.1"
    clean-stack "1.3.0"
    promto "1.0.1"
    spawncommand "1.1.0"
