# THIS IS AN AUTOGENERATED FILE. DO NOT EDIT THIS FILE DIRECTLY.
# yarn lockfile v1


"@artdeco/clean-stack@^1.1.1":
  version "1.1.1"
  resolved "https://registry.yarnpkg.com/@artdeco/clean-stack/-/clean-stack-1.1.1.tgz#0a68b9a061b5076ebaf948c150ea26d09c1e753f"
  integrity sha512-q5lO3vGUo0WgkSqzgzjL0HQdA9t2HzQqZISuVuQWMh9xqLuiLFP/ZTsxFc8vpMl7mNpGk7Mm0OeyFQ+Evrp0Cw==

"@mnpjs/azure@^1.0.1":
  version "1.0.1"
  resolved "https://registry.yarnpkg.com/@mnpjs/azure/-/azure-1.0.1.tgz#581475e2df080d1bf521e84becd6d46873601a48"
  integrity sha512-ZJjAoeLBC5Cjna8ZB4t6VJFsz7Txu7FA54kFmtl1YL7+dzCkO/ZJU7ipsmT1Kj3NyjMaddwNYECIEAIhHrjp4w==

"@mnpjs/idio@^1.3.1":
  version "1.3.1"
  resolved "https://registry.yarnpkg.com/@mnpjs/idio/-/idio-1.3.1.tgz#1d4b17e2c36de0fa8ca87fdd69e6a60e9708e70f"
  integrity sha512-zjtX/OeDkXeNabE3SwIRP8UFMVhuOz9Ma4rroAW56wJ15rdbRIoaDhxOFRzTDkpCHBSlGJWqYqeS0qc9V0b6Bw==

"@mnpjs/package@^1.11.3":
  version "1.11.3"
  resolved "https://registry.yarnpkg.com/@mnpjs/package/-/package-1.11.3.tgz#9979202edb8ae37b65c1c1996566ac003cfdc019"
  integrity sha512-AnVPUG//UUaMPj3EH7fBF0IFXdJmplH9A6i2iPehjFFYWlIfWVcJJ/1Vjt31jw2rKIC7gXko2MDSdjz3i4Tahw==

"@mnpjs/structure@^1.1.1":
  version "1.1.1"
  resolved "https://registry.yarnpkg.com/@mnpjs/structure/-/structure-1.1.1.tgz#f866f8e40110fda2029858a8dff926d813bd48b5"
  integrity sha1-+Gb45AEQ/aICmFio3/km2BO9SLU=

"@rqt/aqt@1.1.2":
  version "1.1.2"
  resolved "https://registry.yarnpkg.com/@rqt/aqt/-/aqt-1.1.2.tgz#6ee88031222d7a86c0d8be0c5cdb276ccfbcb5e7"
  integrity sha512-U8YZ2oqZ0djVS7H9PfR97KNdgtHw57NWOPK5wg3jIcG5Xr6Ht4eMsQ8f8mHl9Pa1uUb42w2m+BxpqMRffX0XrA==

"@rqt/github@^1.0.0":
  version "1.0.0"
  resolved "https://registry.yarnpkg.com/@rqt/github/-/github-1.0.0.tgz#5f85e9ce290c05487b9fd1ce8bf3c893532579c1"
  integrity sha512-AjNlqZuZwQLvrG9BgRt7rZZPpBIznvU/VLEiUk2FTdl1PupMR8EQAceYTK23gvCLZApFKmfeXaMgYSO+/srpXg==
  dependencies:
    rqt "3.0.0"

"@wrote/clone@^1.1.1":
  version "1.2.1"
  resolved "https://registry.yarnpkg.com/@wrote/clone/-/clone-1.2.1.tgz#112cfab56adcfe8df9341a82c48ddb0d6bd6dbc4"
  integrity sha512-V1tFKje8f+gmFDJSBnJ6xGeZQjPtUGJK2kwHdJ2o/FC6bYHDhWv8aHat5hXv8hqN0fl8TtH0ZRZ5GwLhoezfng==
  dependencies:
    "@wrote/ensure-path" "^1.0.8"
    "@wrote/read-dir-structure" "^1.2.0"
    makepromise "^3.1.0"

"@wrote/ensure-path@^1.0.6", "@wrote/ensure-path@^1.0.8":
  version "1.1.0"
  resolved "https://registry.yarnpkg.com/@wrote/ensure-path/-/ensure-path-1.1.0.tgz#2b5875dd4e215f209329c9c774702e4e67c3e07f"
  integrity sha512-yZigiFQhgAMAVrec9BoPdJzqjSBdHuCyDrAacWSHIUByxiMcmY9i/1dGM4RbGZg/bN8XWrxDDmcWLuPUmsJYFg==
  dependencies:
    makepromise "^3.1.0"

"@wrote/read-dir-structure@^1.2.0":
  version "1.2.0"
  resolved "https://registry.yarnpkg.com/@wrote/read-dir-structure/-/read-dir-structure-1.2.0.tgz#864399b144c6ff3e78bc879fb3d8a1f6bf537384"
  integrity sha512-wl0/zld6Pjssa5mgbAFw/C8u6zGs/zJJ2hLXhMQtI5nuCntTb/idQJSH4WV8+YVNI1IRQO6TBDP+6YDr3cz8jw==
  dependencies:
    makepromise "^3.1.0"

"@wrote/read@^1.0.3", "@wrote/read@^1.0.4":
  version "1.0.4"
  resolved "https://registry.yarnpkg.com/@wrote/read/-/read-1.0.4.tgz#b7343b3bbfb1d1b9ed35ee87e8021730f13f5fcf"
  integrity sha512-wRvv11mvywo2UIeFhvJ7SCO30hvW0P6jMBo1cAlYQOFwbdbTZYZxHdb1zz3VMF8o74W3xQAuvS78DNmA47NumQ==
  dependencies:
    catchment "^3.3.0"

"@wrote/rm@^1.1.3", "@wrote/rm@^1.1.5":
  version "1.1.5"
  resolved "https://registry.yarnpkg.com/@wrote/rm/-/rm-1.1.5.tgz#8044b45fd599554f653a447f386a658ff1259f52"
  integrity sha512-PBeEQ9GapqrBCig3wdvOLdSHhV4SMjxS9uWThCsuGeTNwE4dUb/hqmYC75acIvAd2iRFB2rmO/TyKjdLkM/tgQ==
  dependencies:
    "@wrote/read-dir-structure" "^1.2.0"
    makepromise "^3.1.0"

"@wrote/write@^1.0.3":
  version "1.0.4"
  resolved "https://registry.yarnpkg.com/@wrote/write/-/write-1.0.4.tgz#ad2c4e667b3e2bd5f37bb844d6b78b55952c391f"
  integrity sha512-zhelf+k8hMbk/FCvroJ/KwpX8Bi1lnJ9hkJITLqiCWi1vk6X74QhjdFxSaNDyiC5V1WTPJIWQ+76VB4obY7zVw==
  dependencies:
    erotic "^2.1.0"

"@zoroaster/assert@^1.0.2":
  version "1.0.2"
  resolved "https://registry.yarnpkg.com/@zoroaster/assert/-/assert-1.0.2.tgz#8ffe2ebb10c81d570d4965080f942af688321a1f"
  integrity sha512-5C0LDzW8DkiSSCLyYO9ux3R5ru65yEn/GtxH1wh7ukRhLAZ/Svx4+A81YvciXcn35B2VmvCqyiTrhNdxdgusSw==

"@zoroaster/mask@^2.2.0":
  version "2.2.0"
  resolved "https://registry.yarnpkg.com/@zoroaster/mask/-/mask-2.2.0.tgz#fecdcb6f863440519b91b51f09549b1e981e84da"
  integrity sha512-/k9B/ofxE4x9Vs6EOjXQjcsltraJzNLg/uxEwzfCZUN+foiJxK/j+YBiyJmN3Gwpnry2D3Qs0D3Qm+SMkLqkTg==

africa@^1.3.1:
  version "1.3.1"
  resolved "https://registry.yarnpkg.com/africa/-/africa-1.3.1.tgz#b74807a8666f7586699910abd7596a46068bf942"
  integrity sha512-exF48SEtGSz0LBN0b9wbzUMwF9qb+HbIk6f3BH+52oiMPzxRRPvGIOEz2qF1l1685XHk5jt8HuVQzWQAjk/Csw==

alamode@^3.0.0:
  version "3.0.0"
  resolved "https://registry.yarnpkg.com/alamode/-/alamode-3.0.0.tgz#d83b1939cdb823665b850f4ee1d2255be854d058"
  integrity sha512-rKxzjI4FG2dDrL13xGdvEUmLsaz3TUwm5/JwRzJ+5AhXs5pI/tGbsvmvJ9rHtkPTpMXfj4sf1RFZGmgbFIhBFg==

argufy@^1.7.1:
  version "1.7.1"
  resolved "https://registry.yarnpkg.com/argufy/-/argufy-1.7.1.tgz#9ce00778d9d404e083c5e5dd0ac1677c950d4d4b"
  integrity sha512-xsy9ooVGfFn0V2J7IbsCPg5Hx6Qw93jnBMl/I35qt9lRS+53ioLdAOvStYSdI6sdCCTnrw1fZFR5m16FIcfPCg==

assert-diff@2.0.3:
  version "2.0.3"
  resolved "https://registry.yarnpkg.com/assert-diff/-/assert-diff-2.0.3.tgz#f7a5ab51f8da1bf2dbc9afd3f0b9ea6919808a74"
  integrity sha512-TAPT9BmNP3384kP9jdkgRIYdddSO2hG3oG8B5+hoTd2khGC0XrM8ZT+FEkTr4kFFhzDuUveGtvNGcXD63qP6Mw==
  dependencies:
    assert-plus "1.0.0"
    json-diff "0.5.2"

assert-plus@1.0.0:
  version "1.0.0"
  resolved "https://registry.yarnpkg.com/assert-plus/-/assert-plus-1.0.0.tgz#f12e0f3c5d77b0b1cdd9146942e4e96c1e4dd525"
  integrity sha1-8S4PPF13sLHN2RRpQuTpbB5N1SU=

bosom@^2.0.0:
  version "2.0.0"
  resolved "https://registry.yarnpkg.com/bosom/-/bosom-2.0.0.tgz#226a47b354867dfd3f6fde73f870c9d6ddeb3ca6"
  integrity sha512-Ny8J8hwl4lYzUEwPd70CpF+HUCF8IO3oQp3BErr2sK/ANQLGupZNMqFx8capAqeX+5zXzASRvM9q4dOeI1P3yg==

camel-case@^3.0.0:
  version "3.0.0"
  resolved "https://registry.yarnpkg.com/camel-case/-/camel-case-3.0.0.tgz#ca3c3688a4e9cf3a4cda777dc4dcbc713249cf73"
  integrity sha1-yjw2iKTpzzpM2nd9xNy8cTJJz3M=
  dependencies:
    no-case "^2.2.0"
    upper-case "^1.1.1"

catchment@2.0.1:
  version "2.0.1"
  resolved "https://registry.yarnpkg.com/catchment/-/catchment-2.0.1.tgz#df0a05ac2e1194cf280c2444d5bb564a9cc8f488"
  integrity sha512-aNvgHj+gmfld9rzUwxJJN6aT5MLBT0/R2LtqO8Xtjy/iq6PCAVLyFzYXZAs5Ew6FzwXAW5xV5XLGD5oACPtJdg==

catchment@^1.0.0:
  version "1.0.0"
  resolved "https://registry.yarnpkg.com/catchment/-/catchment-1.0.0.tgz#3061f71be0102710be84328d2f94363a165f8c4b"
  integrity sha1-MGH3G+AQJxC+hDKNL5Q2OhZfjEs=

catchment@^3.2.3, catchment@^3.3.0:
  version "3.3.0"
  resolved "https://registry.yarnpkg.com/catchment/-/catchment-3.3.0.tgz#e57eb70183d6a75ee71da0cb8ec2e76ac01317d2"
  integrity sha512-PACm54CBCUZv1uEOMyNiB6i0kkDMdDN0+VYXIQAaeZMDcjudyPccgpYLWQfGCwCW/Q9SOfD6MyBLmxL3qh7V3A==
  dependencies:
    "@artdeco/clean-stack" "^1.1.1"
    erotic "^2.1.0"

clean-stack@1.3.0:
  version "1.3.0"
  resolved "https://registry.yarnpkg.com/clean-stack/-/clean-stack-1.3.0.tgz#9e821501ae979986c46b1d66d2d432db2fd4ae31"
  integrity sha1-noIVAa6XmYbEax1m0tQy2y/UrjE=

cli-color@~0.1.6:
  version "0.1.7"
  resolved "https://registry.yarnpkg.com/cli-color/-/cli-color-0.1.7.tgz#adc3200fa471cc211b0da7f566b71e98b9d67347"
  integrity sha1-rcMgD6RxzCEbDaf1ZrcemLnWc0c=
  dependencies:
    es5-ext "0.8.x"

difflib@~0.2.1:
  version "0.2.4"
  resolved "https://registry.yarnpkg.com/difflib/-/difflib-0.2.4.tgz#b5e30361a6db023176d562892db85940a718f47e"
  integrity sha1-teMDYabbAjF21WKJLbhZQKcY9H4=
  dependencies:
    heap ">= 0.2.0"

documentary@^1.32.2:
  version "1.32.2"
  resolved "https://registry.yarnpkg.com/documentary/-/documentary-1.32.2.tgz#4ee674dbab622bd64b6c625668e3680f43807330"
  integrity sha512-WvfCNlz585ryP4YF+Wac9wxv8VTi3ePR2q9RNvUmTNrE0ifz8jDmiQxgkv5KeieL8bf4XBn7dQYQ1O6eRkwUyA==
  dependencies:
    alamode "^3.0.0"
    preact "8.5.2"
    typal "^1.22.1"

dreamopt@~0.6.0:
  version "0.6.0"
  resolved "https://registry.yarnpkg.com/dreamopt/-/dreamopt-0.6.0.tgz#d813ccdac8d39d8ad526775514a13dda664d6b4b"
  integrity sha1-2BPM2sjTnYrVJndVFKE92mZNa0s=
  dependencies:
    wordwrap ">=0.0.2"

erotic@0.2.0:
  version "0.2.0"
  resolved "https://registry.yarnpkg.com/erotic/-/erotic-0.2.0.tgz#4162384016281b1dd313bf1ecc87576f92d8e509"
  integrity sha512-rIPuI6Ylvp0epeBvGVmy+77RDcIkqKhqelzSr9G/OjLPjJAF5ssx9uxcn6t+iMWayV+ICiA30pYtEYrRvs39Gg==
  dependencies:
    clean-stack "1.3.0"

erotic@^2.1.0:
  version "2.1.1"
  resolved "https://registry.yarnpkg.com/erotic/-/erotic-2.1.1.tgz#97f20c2d6e7fd2ec6f7996823009d3ac8ae7157f"
  integrity sha512-S1ns+uibigdXxxzqiO5VNZw3d0YNrVb4jZ7OUAklO4722/ytp+nta6txsUhYmnIEI0TF7jjXNjGvcmw0I/Rs7A==
  dependencies:
    "@artdeco/clean-stack" "^1.1.1"

erte@^1.2.0:
  version "1.2.0"
  resolved "https://registry.yarnpkg.com/erte/-/erte-1.2.0.tgz#8b7dbf6ad822d96f071947d20d5f440623f10769"
  integrity sha512-saxyNviRCvFENCyZ66O58cY8icaraVeQOgGks6ujsBeS7zf3yyjXrhyfMpERZo7SJH1KKdXcSQqgemxW6eIpjA==

es5-ext@0.8.x:
  version "0.8.2"
  resolved "https://registry.yarnpkg.com/es5-ext/-/es5-ext-0.8.2.tgz#aba8d9e1943a895ac96837a62a39b3f55ecd94ab"
  integrity sha1-q6jZ4ZQ6iVrJaDemKjmz9V7NlKs=

eslint-config-artdeco@1.0.1:
  version "1.0.1"
  resolved "https://registry.yarnpkg.com/eslint-config-artdeco/-/eslint-config-artdeco-1.0.1.tgz#4451c9d0ed1ce4d33dfd43a6315f12c8bfb04274"
  integrity sha1-RFHJ0O0c5NM9/UOmMV8SyL+wQnQ=

"heap@>= 0.2.0":
  version "0.2.6"
  resolved "https://registry.yarnpkg.com/heap/-/heap-0.2.6.tgz#087e1f10b046932fc8594dd9e6d378afc9d1e5ac"
  integrity sha1-CH4fELBGky/IWU3Z5tN4r8nR5aw=

json-diff@0.5.2:
  version "0.5.2"
  resolved "https://registry.yarnpkg.com/json-diff/-/json-diff-0.5.2.tgz#e0bc9e434cd2c4c6354487835e01bf3fed335cda"
  integrity sha512-N7oapTQdD4rLMUtA7d1HATCPY/BpHuSNL1mhvIuoS0u5NideDvyR+gB/ntXB7ejFz/LM0XzPLNUJQcC68n5sBw==
  dependencies:
    cli-color "~0.1.6"
    difflib "~0.2.1"
    dreamopt "~0.6.0"

lower-case@^1.1.1:
  version "1.1.4"
  resolved "https://registry.yarnpkg.com/lower-case/-/lower-case-1.1.4.tgz#9a2cabd1b9e8e0ae993a4bf7d5875c39c42e8eac"
  integrity sha1-miyr0bno4K6ZOkv31YdcOcQujqw=

makepromise@1.1.1:
  version "1.1.1"
  resolved "https://registry.yarnpkg.com/makepromise/-/makepromise-1.1.1.tgz#4e03bf98c25ca96a4223b0f2e280e3b3a6f9dea4"
  integrity sha512-PEYQW9FBRsXgef571s9BLvL2mhAcST2L3LXM4+ztKdBBhLUX97VVUJCs1o0SzqOXyw11ejnXhmS0qxF9y8Ea+g==
  dependencies:
    erotic "0.2.0"

makepromise@^3.0.3, makepromise@^3.1.0:
  version "3.1.0"
  resolved "https://registry.yarnpkg.com/makepromise/-/makepromise-3.1.0.tgz#58a07ea1605ad10c14a907334e067d200402d8b9"
  integrity sha512-wbRpYfLteGKd3j96r30G2xCrqp3blk/kYOzGKBPnEix4a/VcHcxcYFwJ79fCZFtcEqMn8MGSh8h+D+/LlI+JQQ==
  dependencies:
    erotic "^2.1.0"

mismatch@^1.2.0:
  version "1.2.0"
  resolved "https://registry.yarnpkg.com/mismatch/-/mismatch-1.2.0.tgz#3f5021861e8084e36a14c2c1f9489941cd18f790"
  integrity sha512-kuw1k8ZHS+12fBVAVOBXMBJBXcNGnByFTJIDzH4W4v84OocejZ/qzxmT4ll9CLX5OD23NXr+NvrQDus0BsQ8xw==

no-case@^2.2.0:
  version "2.3.2"
  resolved "https://registry.yarnpkg.com/no-case/-/no-case-2.3.2.tgz#60b813396be39b3f1288a4c1ed5d1e7d28b464ac"
  integrity sha512-rmTZ9kz+f3rCvK2TD1Ue/oZlns7OGoIWP4fc3llxxRXlOkHKoWPPWJOfFYpITabSow43QJbRIoHQXtt10VldyQ==
  dependencies:
    lower-case "^1.1.1"

pedantry@^2.3.1:
  version "2.5.0"
  resolved "https://registry.yarnpkg.com/pedantry/-/pedantry-2.5.0.tgz#02b2689ef64e87a1f36c731a400d305e80e96a54"
  integrity sha512-LU0IjJV+gayov2HTguIv5izijEZFB01Beq9+wwzHuFqSkLRMMg9pG7PfHzssZV1oJIfaZqWMitGwTDo8kuRHKg==

preact@8.5.2:
  version "8.5.2"
  resolved "https://registry.yarnpkg.com/preact/-/preact-8.5.2.tgz#2f532da485287c07369e08150cf4d23921a09789"
  integrity sha512-37tlDJGq5IQKqGUbqPZ7qPtsTOWFyxe+ojAOFfzKo0dEPreenqrqgJuS83zGpeGAqD9h9L9Yr7QuxH2W4ZrKxg==

promto@^1.1.2:
  version "1.1.2"
  resolved "https://registry.yarnpkg.com/promto/-/promto-1.1.2.tgz#cf45f80c3140004069060bb709c8130175eed387"
  integrity sha512-wOQSkmPvLo+KZOTmTQQISN95ylbzkU754FtWuNcf86tUN5vDuU6i3zXCF+YVIsPzrMN9ClCWpEksDqrvBm34/A==

reloquent@^1.3.2:
  version "1.3.2"
  resolved "https://registry.yarnpkg.com/reloquent/-/reloquent-1.3.2.tgz#66996e8c65acf5e427490fa5f68eaf7948943a62"
  integrity sha512-l0upTSJW73CriMZXAMvg1ZCGNSj7WXh0+EgBIsNmv50dEzBt7AfzbIafgCC7d37YHXbYhFuSEByvM0Hr5I8yxQ==
  dependencies:
    promto "^1.1.2"

restream@1.2.0:
  version "1.2.0"
  resolved "https://registry.yarnpkg.com/restream/-/restream-1.2.0.tgz#fd13b031a54e80cc65d1878c43149f1b3a40efbb"
  integrity sha1-/ROwMaVOgMxl0YeMQxSfGzpA77s=

restream@^3.7.4:
  version "3.7.4"
  resolved "https://registry.yarnpkg.com/restream/-/restream-3.7.4.tgz#e86c455f92ba65ce41d9e450ed54d065a130f89c"
  integrity sha512-heKiPfU5CLE/jTLcs53MyvE1jje/V/JViAD95LMY1p0XVDLyVcyM4iUo0iYUnuNUYTUxrJyKpXDTu7GKOr0pFA==
  dependencies:
    "@artdeco/clean-stack" "^1.1.1"
    catchment "^3.3.0"

rqt@3.0.0:
  version "3.0.0"
  resolved "https://registry.yarnpkg.com/rqt/-/rqt-3.0.0.tgz#51ef0cd42de03961970a1e27a992ebb1de8838dc"
  integrity sha512-zPvZAgLncDoJFE97OAAol8gUBaaLqE2yblDocPZ+uf1EF1uUb7GxnpyyDYpd0IE8v0/9brDCBNN/RqAECkRcww==
  dependencies:
    "@rqt/aqt" "1.1.2"

rqt@^4.0.0:
  version "4.0.0"
  resolved "https://registry.yarnpkg.com/rqt/-/rqt-4.0.0.tgz#b57f64bf1b3b8b8109617f9dc67b9dd9ea5cb4d6"
  integrity sha512-DUm6ZAt6ESeY46aFWhQwBvsOpXABRL5TTkpN/3KJjog7uk2ncYuU4UZ8FQV6qfWybihkMFCdoESNSxYQ5rSZiQ==

spawncommand@1.1.0:
  version "1.1.0"
  resolved "https://registry.yarnpkg.com/spawncommand/-/spawncommand-1.1.0.tgz#80a56ed3c06ab3b91643cf3f6cef38bf582fdb15"
  integrity sha1-gKVu08Bqs7kWQ88/bO84v1gv2xU=
  dependencies:
    catchment "^1.0.0"

spawncommand@^2.2.0:
  version "2.2.0"
  resolved "https://registry.yarnpkg.com/spawncommand/-/spawncommand-2.2.0.tgz#545791d135482bd5428c9de1e889305abde42889"
  integrity sha512-WTmgdPAoXKgb4DyYArazcpR6KUcRMhXbSN3c1jE/QvX8jMkAV9/WI6yrJBsPL9q3sEfXjPyoat+/0yYYm8i+9w==
  dependencies:
    catchment "^3.3.0"

temp-context@^2.1.3:
  version "2.1.3"
  resolved "https://registry.yarnpkg.com/temp-context/-/temp-context-2.1.3.tgz#278502e47a2aa717334d5d84f18657ea42d7512c"
  integrity sha512-x5Zoj1X1OJe/2RNbPJwVLbhFs0Gu8552E8VBAEZH+vLxARdUb1Kf5RXIdX6VZBMmgRpN1NXEXJsMcNirIHubeA==
  dependencies:
    "@wrote/clone" "^1.1.1"
    "@wrote/ensure-path" "^1.0.6"
    "@wrote/read" "^1.0.3"
    "@wrote/rm" "^1.1.3"
    "@wrote/write" "^1.0.3"
    catchment "^3.2.3"
    makepromise "^3.0.3"
    pedantry "^2.3.1"

typal@^1.22.1:
  version "1.22.1"
  resolved "https://registry.yarnpkg.com/typal/-/typal-1.22.1.tgz#d7d861b87c7b1e4eb164547a8eb5c3f3863fb6e9"
  integrity sha512-0gvvH2reH3rFh8lmVatMZI1SjLR8/LHwDpugs51vPDJnd41ANo59cBMsGl7IbQh2ThkOwvOPfbT+JLzz1Wpshg==

upper-case@^1.1.1:
  version "1.1.3"
  resolved "https://registry.yarnpkg.com/upper-case/-/upper-case-1.1.3.tgz#f6b4501c2ec4cdd26ba78be7222961de77621598"
  integrity sha1-9rRQHC7EzdJrp4vnIilh3ndiFZg=

usually@^1.2.0:
  version "1.2.0"
  resolved "https://registry.yarnpkg.com/usually/-/usually-1.2.0.tgz#ce4d8ea87875599bbfb3af48692595a3114f618f"
  integrity sha512-/PIDu3pkZNqYdzOr0Cyq2q8FP3ziBISOvVJtZcypg3BygIW/W618oF4dtK4mhCxbk3bUzrfTbCxDWCCr85bq/g==

wordwrap@>=0.0.2:
  version "1.0.0"
  resolved "https://registry.yarnpkg.com/wordwrap/-/wordwrap-1.0.0.tgz#27584810891456a4171c8d0226441ade90cbcaeb"
  integrity sha1-J1hIEIkUVqQXHI0CJkQa3pDLyus=

wrote@^1.4.0:
  version "1.4.0"
  resolved "https://registry.yarnpkg.com/wrote/-/wrote-1.4.0.tgz#68c95aa1d62e425c8cdf03fa26baa3acca2eed8f"
  integrity sha512-HnlHymRmCxidxnZZmcQIbrSfyIVFxeZiVbqNDV+GpH+zNr/ZSpHgfS1E1XkA8YrC4x3JiF9kMbNU4kNXS0mbPA==
  dependencies:
    catchment "2.0.1"
    makepromise "1.1.1"
    restream "1.2.0"

yarn-s@1.1.0:
  version "1.1.0"
  resolved "https://registry.yarnpkg.com/yarn-s/-/yarn-s-1.1.0.tgz#8c65555d7c7ccb5a61e18440b8b0e4cb48b76b9d"
  integrity sha1-jGVVXXx8y1ph4YRAuLDky0i3a50=
  dependencies:
    spawncommand "1.1.0"

zoroaster@^4.1.2:
  version "4.1.2"
  resolved "https://registry.yarnpkg.com/zoroaster/-/zoroaster-4.1.2.tgz#89e033cdeebf75564713436bd7e72af926e800fb"
  integrity sha512-mE5RlV12h5bEZ4LBX0NsR5NEwNicLR6kdwXMijWD8vH+8JmbtXuC664ndzsw46lnhmn2VWlafyBi5k/MMCmftA==
  dependencies:
    "@zoroaster/assert" "^1.0.2"
    "@zoroaster/mask" "^2.2.0"
    alamode "^3.0.0"
